
Microsoft Visual Studio Solution File, Format Version 12.00
# Visual Studio Version 16
VisualStudioVersion = 25.0.1700.0
MinimumVisualStudioVersion = 10.0.40219.1
Project("{FAE04EC0-301F-11D3-BF4B-00C04F79EFBC}") = "Nino", "Nino.csproj", "{4B5AC4F6-7C1A-47A2-BB6F-752AC180EC4B}"
EndProject
Global
	GlobalSection(SolutionConfigurationPlatforms) = preSolution
		Debug|Any CPU = Debug|Any CPU
		Release|Any CPU = Release|Any CPU
	EndGlobalSection
	GlobalSection(ProjectConfigurationPlatforms) = postSolution
		{4B5AC4F6-7C1A-47A2-BB6F-752AC180EC4B}.Debug|Any CPU.ActiveCfg = Debug|Any CPU
		{4B5AC4F6-7C1A-47A2-BB6F-752AC180EC4B}.Debug|Any CPU.Build.0 = Debug|Any CPU
		{4B5AC4F6-7C1A-47A2-BB6F-752AC180EC4B}.Release|Any CPU.ActiveCfg = Release|Any CPU
		{4B5AC4F6-7C1A-47A2-BB6F-752AC180EC4B}.Release|Any CPU.Build.0 = Release|Any CPU
	EndGlobalSection
	GlobalSection(SolutionProperties) = preSolution
		HideSolutionNode = FALSE
	EndGlobalSection
	GlobalSection(ExtensibilityGlobals) = postSolution
		SolutionGuid = {57D4B5CB-3E27-4080-BA3C-3228291E2C36}
	EndGlobalSection
	GlobalSection(MonoDevelopProperties) = preSolution
		Policies = $0
		$0.DotNetNamingPolicy = $1
		$1.DirectoryNamespaceAssociation = PrefixedHierarchical
		$0.TextStylePolicy = $2
		$2.inheritsSet = null
		$2.scope = text/x-csharp
		$0.CSharpFormattingPolicy = $3
		$3.scope = text/x-csharp
		$0.TextStylePolicy = $4
		$4.FileWidth = 80
		$4.TabsToSpaces = True
		$4.scope = text/plain
	EndGlobalSection
EndGlobal
