
Microsoft Visual Studio Solution File, Format Version 12.00
# Visual Studio Version 16
VisualStudioVersion = 25.0.1700.0
MinimumVisualStudioVersion = 10.0.40219.1
Project("{FAE04EC0-301F-11D3-BF4B-00C04F79EFBC}") = "Nino_Dotnet", "Nino_Dotnet.csproj", "{BE8B3E4F-DA2D-47E1-9E51-4CE2D916A715}"
EndProject
Global
	GlobalSection(SolutionConfigurationPlatforms) = preSolution
		Debug|Any CPU = Debug|Any CPU
		Release|Any CPU = Release|Any CPU
	EndGlobalSection
	GlobalSection(ProjectConfigurationPlatforms) = postSolution
		{BE8B3E4F-DA2D-47E1-9E51-4CE2D916A715}.Debug|Any CPU.ActiveCfg = Debug|Any CPU
		{BE8B3E4F-DA2D-47E1-9E51-4CE2D916A715}.Debug|Any CPU.Build.0 = Debug|Any CPU
		{BE8B3E4F-DA2D-47E1-9E51-4CE2D916A715}.Release|Any CPU.ActiveCfg = Release|Any CPU
		{BE8B3E4F-DA2D-47E1-9E51-4CE2D916A715}.Release|Any CPU.Build.0 = Release|Any CPU
	EndGlobalSection
	GlobalSection(SolutionProperties) = preSolution
		HideSolutionNode = FALSE
	EndGlobalSection
	GlobalSection(ExtensibilityGlobals) = postSolution
		SolutionGuid = {6ACF8DA2-761A-44CC-AF1B-52165051E3B1}
	EndGlobalSection
EndGlobal
